// !$*UTF8*$!
{
	archiveVersion = 1;
	classes = {
	};
	objectVersion = 56;
	objects = {

/* Begin PBXBuildFile section */
		8A023DED2B71827E0018F67D /* AppDelegate.swift in Sources */ = {isa = PBXBuildFile; fileRef = 8A023DEC2B71827E0018F67D /* AppDelegate.swift */; };
		8A023DEF2B71827E0018F67D /* SceneDelegate.swift in Sources */ = {isa = PBXBuildFile; fileRef = 8A023DEE2B71827E0018F67D /* SceneDelegate.swift */; };
		8A023DF12B71827E0018F67D /* ImagesListViewController.swift in Sources */ = {isa = PBXBuildFile; fileRef = 8A023DF02B71827E0018F67D /* ImagesListViewController.swift */; };
		8A023DF42B71827E0018F67D /* Main.storyboard in Resources */ = {isa = PBXBuildFile; fileRef = 8A023DF22B71827E0018F67D /* Main.storyboard */; };
		8A023DF62B7182820018F67D /* Assets.xcassets in Resources */ = {isa = PBXBuildFile; fileRef = 8A023DF52B7182820018F67D /* Assets.xcassets */; };
		8A023DF92B7182820018F67D /* LaunchScreen.storyboard in Resources */ = {isa = PBXBuildFile; fileRef = 8A023DF72B7182820018F67D /* LaunchScreen.storyboard */; };
		8A023E012B7707B30018F67D /* ImagesListCell.swift in Sources */ = {isa = PBXBuildFile; fileRef = 8A023E002B7707B30018F67D /* ImagesListCell.swift */; };
		8A3BB08B2B90F0C80075D4E6 /* SingleImageViewController.swift in Sources */ = {isa = PBXBuildFile; fileRef = 8A3BB08A2B90F0C80075D4E6 /* SingleImageViewController.swift */; };
		8AC456372B8E62BF00C1F463 /* ProfileViewController.swift in Sources */ = {isa = PBXBuildFile; fileRef = 8AC456362B8E62BF00C1F463 /* ProfileViewController.swift */; };
		8ACD46752B9FBA100064557B /* Constants.swift in Sources */ = {isa = PBXBuildFile; fileRef = 8ACD46742B9FBA100064557B /* Constants.swift */; };
		8ACD46772BA0F5FC0064557B /* AuthViewController.swift in Sources */ = {isa = PBXBuildFile; fileRef = 8ACD46762BA0F5FC0064557B /* AuthViewController.swift */; };
		8ACD467A2BA10DA60064557B /* WebViewViewController.swift in Sources */ = {isa = PBXBuildFile; fileRef = 8ACD46792BA10DA60064557B /* WebViewViewController.swift */; };
		8ACD467F2BA8EE370064557B /* OAuth2Service.swift in Sources */ = {isa = PBXBuildFile; fileRef = 8ACD467E2BA8EE370064557B /* OAuth2Service.swift */; };
		8ACD46822BA9D4850064557B /* URLSession+data.swift in Sources */ = {isa = PBXBuildFile; fileRef = 8ACD46812BA9D4850064557B /* URLSession+data.swift */; };
		8ACD46842BA9D50D0064557B /* OAuthTokenResponseBody.swift in Sources */ = {isa = PBXBuildFile; fileRef = 8ACD46832BA9D50D0064557B /* OAuthTokenResponseBody.swift */; };
		8ACD46862BA9D8330064557B /* OAuth2TokenStorage.swift in Sources */ = {isa = PBXBuildFile; fileRef = 8ACD46852BA9D8330064557B /* OAuth2TokenStorage.swift */; };
		8ACD46892BA9E1EB0064557B /* SplashViewController.swift in Sources */ = {isa = PBXBuildFile; fileRef = 8ACD46882BA9E1EB0064557B /* SplashViewController.swift */; };
		8ACD468C2BC4421C0064557B /* ProgressHUD in Frameworks */ = {isa = PBXBuildFile; productRef = 8ACD468B2BC4421C0064557B /* ProgressHUD */; };
/* End PBXBuildFile section */

/* Begin PBXFileReference section */
		8A023DE92B71827E0018F67D /* ImageFeed.app */ = {isa = PBXFileReference; explicitFileType = wrapper.application; includeInIndex = 0; path = ImageFeed.app; sourceTree = BUILT_PRODUCTS_DIR; };
		8A023DEC2B71827E0018F67D /* AppDelegate.swift */ = {isa = PBXFileReference; lastKnownFileType = sourcecode.swift; path = AppDelegate.swift; sourceTree = "<group>"; };
		8A023DEE2B71827E0018F67D /* SceneDelegate.swift */ = {isa = PBXFileReference; lastKnownFileType = sourcecode.swift; path = SceneDelegate.swift; sourceTree = "<group>"; };
		8A023DF02B71827E0018F67D /* ImagesListViewController.swift */ = {isa = PBXFileReference; lastKnownFileType = sourcecode.swift; path = ImagesListViewController.swift; sourceTree = "<group>"; };
		8A023DF32B71827E0018F67D /* Base */ = {isa = PBXFileReference; lastKnownFileType = file.storyboard; name = Base; path = Base.lproj/Main.storyboard; sourceTree = "<group>"; };
		8A023DF52B7182820018F67D /* Assets.xcassets */ = {isa = PBXFileReference; lastKnownFileType = folder.assetcatalog; path = Assets.xcassets; sourceTree = "<group>"; };
		8A023DF82B7182820018F67D /* Base */ = {isa = PBXFileReference; lastKnownFileType = file.storyboard; name = Base; path = Base.lproj/LaunchScreen.storyboard; sourceTree = "<group>"; };
		8A023DFA2B7182820018F67D /* Info.plist */ = {isa = PBXFileReference; lastKnownFileType = text.plist.xml; path = Info.plist; sourceTree = "<group>"; };
		8A023E002B7707B30018F67D /* ImagesListCell.swift */ = {isa = PBXFileReference; lastKnownFileType = sourcecode.swift; path = ImagesListCell.swift; sourceTree = "<group>"; };
		8A3BB08A2B90F0C80075D4E6 /* SingleImageViewController.swift */ = {isa = PBXFileReference; lastKnownFileType = sourcecode.swift; path = SingleImageViewController.swift; sourceTree = "<group>"; };
		8AC456362B8E62BF00C1F463 /* ProfileViewController.swift */ = {isa = PBXFileReference; lastKnownFileType = sourcecode.swift; path = ProfileViewController.swift; sourceTree = "<group>"; };
		8ACD46742B9FBA100064557B /* Constants.swift */ = {isa = PBXFileReference; lastKnownFileType = sourcecode.swift; path = Constants.swift; sourceTree = "<group>"; };
		8ACD46762BA0F5FC0064557B /* AuthViewController.swift */ = {isa = PBXFileReference; lastKnownFileType = sourcecode.swift; path = AuthViewController.swift; sourceTree = "<group>"; };
		8ACD46792BA10DA60064557B /* WebViewViewController.swift */ = {isa = PBXFileReference; lastKnownFileType = sourcecode.swift; path = WebViewViewController.swift; sourceTree = "<group>"; };
		8ACD467E2BA8EE370064557B /* OAuth2Service.swift */ = {isa = PBXFileReference; lastKnownFileType = sourcecode.swift; path = OAuth2Service.swift; sourceTree = "<group>"; };
		8ACD46812BA9D4850064557B /* URLSession+data.swift */ = {isa = PBXFileReference; lastKnownFileType = sourcecode.swift; path = "URLSession+data.swift"; sourceTree = "<group>"; };
		8ACD46832BA9D50D0064557B /* OAuthTokenResponseBody.swift */ = {isa = PBXFileReference; lastKnownFileType = sourcecode.swift; path = OAuthTokenResponseBody.swift; sourceTree = "<group>"; };
		8ACD46852BA9D8330064557B /* OAuth2TokenStorage.swift */ = {isa = PBXFileReference; lastKnownFileType = sourcecode.swift; path = OAuth2TokenStorage.swift; sourceTree = "<group>"; };
		8ACD46882BA9E1EB0064557B /* SplashViewController.swift */ = {isa = PBXFileReference; lastKnownFileType = sourcecode.swift; path = SplashViewController.swift; sourceTree = "<group>"; };
/* End PBXFileReference section */

/* Begin PBXFrameworksBuildPhase section */
		8A023DE62B71827E0018F67D /* Frameworks */ = {
			isa = PBXFrameworksBuildPhase;
			buildActionMask = 2147483647;
			files = (
				8ACD468C2BC4421C0064557B /* ProgressHUD in Frameworks */,
			);
			runOnlyForDeploymentPostprocessing = 0;
		};
/* End PBXFrameworksBuildPhase section */

/* Begin PBXGroup section */
		8A023DE02B71827E0018F67D = {
			isa = PBXGroup;
			children = (
				8A023DEB2B71827E0018F67D /* ImageFeed */,
				8A023DEA2B71827E0018F67D /* Products */,
			);
			sourceTree = "<group>";
		};
		8A023DEA2B71827E0018F67D /* Products */ = {
			isa = PBXGroup;
			children = (
				8A023DE92B71827E0018F67D /* ImageFeed.app */,
			);
			name = Products;
			sourceTree = "<group>";
		};
		8A023DEB2B71827E0018F67D /* ImageFeed */ = {
			isa = PBXGroup;
			children = (
				8A023DEC2B71827E0018F67D /* AppDelegate.swift */,
				8A023DEE2B71827E0018F67D /* SceneDelegate.swift */,
				8ACD46812BA9D4850064557B /* URLSession+data.swift */,
				8ACD46742B9FBA100064557B /* Constants.swift */,
				8ACD46872BA9E1CC0064557B /* SplashViewController */,
				8ACD46802BA8EE3D0064557B /* Services */,
				8ACD46782BA10C780064557B /* Auth */,
				8AA3D2B82B9A616100905426 /* SingleImageViewController */,
				8AA3D2B72B9A2B8600905426 /* ProfileViewController */,
				8A023E022B7708190018F67D /* ImagesList */,
				8A023DF22B71827E0018F67D /* Main.storyboard */,
				8A023DF52B7182820018F67D /* Assets.xcassets */,
				8A023DF72B7182820018F67D /* LaunchScreen.storyboard */,
				8A023DFA2B7182820018F67D /* Info.plist */,
			);
			path = ImageFeed;
			sourceTree = "<group>";
		};
		8A023E022B7708190018F67D /* ImagesList */ = {
			isa = PBXGroup;
			children = (
				8A023E002B7707B30018F67D /* ImagesListCell.swift */,
				8A023DF02B71827E0018F67D /* ImagesListViewController.swift */,
			);
			path = ImagesList;
			sourceTree = "<group>";
		};
		8AA3D2B72B9A2B8600905426 /* ProfileViewController */ = {
			isa = PBXGroup;
			children = (
				8AC456362B8E62BF00C1F463 /* ProfileViewController.swift */,
			);
			path = ProfileViewController;
			sourceTree = "<group>";
		};
		8AA3D2B82B9A616100905426 /* SingleImageViewController */ = {
			isa = PBXGroup;
			children = (
				8A3BB08A2B90F0C80075D4E6 /* SingleImageViewController.swift */,
			);
			path = SingleImageViewController;
			sourceTree = "<group>";
		};
		8ACD46782BA10C780064557B /* Auth */ = {
			isa = PBXGroup;
			children = (
				8ACD46762BA0F5FC0064557B /* AuthViewController.swift */,
				8ACD46792BA10DA60064557B /* WebViewViewController.swift */,
			);
			path = Auth;
			sourceTree = "<group>";
		};
		8ACD46802BA8EE3D0064557B /* Services */ = {
			isa = PBXGroup;
			children = (
				8ACD467E2BA8EE370064557B /* OAuth2Service.swift */,
				8ACD46832BA9D50D0064557B /* OAuthTokenResponseBody.swift */,
				8ACD46852BA9D8330064557B /* OAuth2TokenStorage.swift */,
			);
			path = Services;
			sourceTree = "<group>";
		};
		8ACD46872BA9E1CC0064557B /* SplashViewController */ = {
			isa = PBXGroup;
			children = (
				8ACD46882BA9E1EB0064557B /* SplashViewController.swift */,
			);
			path = SplashViewController;
			sourceTree = "<group>";
		};
/* End PBXGroup section */

/* Begin PBXNativeTarget section */
		8A023DE82B71827E0018F67D /* ImageFeed */ = {
			isa = PBXNativeTarget;
			buildConfigurationList = 8A023DFD2B7182820018F67D /* Build configuration list for PBXNativeTarget "ImageFeed" */;
			buildPhases = (
				8A023DE52B71827E0018F67D /* Sources */,
				8A023DE62B71827E0018F67D /* Frameworks */,
				8A023DE72B71827E0018F67D /* Resources */,
			);
			buildRules = (
			);
			dependencies = (
			);
			name = ImageFeed;
			packageProductDependencies = (
				8ACD468B2BC4421C0064557B /* ProgressHUD */,
			);
			productName = ImageFeed;
			productReference = 8A023DE92B71827E0018F67D /* ImageFeed.app */;
			productType = "com.apple.product-type.application";
		};
/* End PBXNativeTarget section */

/* Begin PBXProject section */
		8A023DE12B71827E0018F67D /* Project object */ = {
			isa = PBXProject;
			attributes = {
				BuildIndependentTargetsInParallel = 1;
				LastSwiftUpdateCheck = 1420;
				LastUpgradeCheck = 1420;
				TargetAttributes = {
					8A023DE82B71827E0018F67D = {
						CreatedOnToolsVersion = 14.2;
					};
				};
			};
			buildConfigurationList = 8A023DE42B71827E0018F67D /* Build configuration list for PBXProject "ImageFeed" */;
			compatibilityVersion = "Xcode 14.0";
			developmentRegion = en;
			hasScannedForEncodings = 0;
			knownRegions = (
				en,
				Base,
			);
			mainGroup = 8A023DE02B71827E0018F67D;
			packageReferences = (
				8ACD468A2BC4421C0064557B /* XCRemoteSwiftPackageReference "ProgressHUD" */,
			);
			productRefGroup = 8A023DEA2B71827E0018F67D /* Products */;
			projectDirPath = "";
			projectRoot = "";
			targets = (
				8A023DE82B71827E0018F67D /* ImageFeed */,
			);
		};
/* End PBXProject section */

/* Begin PBXResourcesBuildPhase section */
		8A023DE72B71827E0018F67D /* Resources */ = {
			isa = PBXResourcesBuildPhase;
			buildActionMask = 2147483647;
			files = (
				8A023DF92B7182820018F67D /* LaunchScreen.storyboard in Resources */,
				8A023DF62B7182820018F67D /* Assets.xcassets in Resources */,
				8A023DF42B71827E0018F67D /* Main.storyboard in Resources */,
			);
			runOnlyForDeploymentPostprocessing = 0;
		};
/* End PBXResourcesBuildPhase section */

/* Begin PBXSourcesBuildPhase section */
		8A023DE52B71827E0018F67D /* Sources */ = {
			isa = PBXSourcesBuildPhase;
			buildActionMask = 2147483647;
			files = (
				8A023DF12B71827E0018F67D /* ImagesListViewController.swift in Sources */,
				8A023E012B7707B30018F67D /* ImagesListCell.swift in Sources */,
				8ACD46842BA9D50D0064557B /* OAuthTokenResponseBody.swift in Sources */,
				8AC456372B8E62BF00C1F463 /* ProfileViewController.swift in Sources */,
				8A023DED2B71827E0018F67D /* AppDelegate.swift in Sources */,
				8ACD46892BA9E1EB0064557B /* SplashViewController.swift in Sources */,
				8ACD46772BA0F5FC0064557B /* AuthViewController.swift in Sources */,
				8ACD46752B9FBA100064557B /* Constants.swift in Sources */,
				8A3BB08B2B90F0C80075D4E6 /* SingleImageViewController.swift in Sources */,
				8ACD46822BA9D4850064557B /* URLSession+data.swift in Sources */,
				8ACD467A2BA10DA60064557B /* WebViewViewController.swift in Sources */,
				8ACD467F2BA8EE370064557B /* OAuth2Service.swift in Sources */,
				8ACD46862BA9D8330064557B /* OAuth2TokenStorage.swift in Sources */,
				8A023DEF2B71827E0018F67D /* SceneDelegate.swift in Sources */,
			);
			runOnlyForDeploymentPostprocessing = 0;
		};
/* End PBXSourcesBuildPhase section */

/* Begin PBXVariantGroup section */
		8A023DF22B71827E0018F67D /* Main.storyboard */ = {
			isa = PBXVariantGroup;
			children = (
				8A023DF32B71827E0018F67D /* Base */,
			);
			name = Main.storyboard;
			sourceTree = "<group>";
		};
		8A023DF72B7182820018F67D /* LaunchScreen.storyboard */ = {
			isa = PBXVariantGroup;
			children = (
				8A023DF82B7182820018F67D /* Base */,
			);
			name = LaunchScreen.storyboard;
			sourceTree = "<group>";
		};
/* End PBXVariantGroup section */

/* Begin XCBuildConfiguration section */
		8A023DFB2B7182820018F67D /* Debug */ = {
			isa = XCBuildConfiguration;
			buildSettings = {
				ALWAYS_SEARCH_USER_PATHS = NO;
				CLANG_ANALYZER_NONNULL = YES;
				CLANG_ANALYZER_NUMBER_OBJECT_CONVERSION = YES_AGGRESSIVE;
				CLANG_CXX_LANGUAGE_STANDARD = "gnu++20";
				CLANG_ENABLE_MODULES = YES;
				CLANG_ENABLE_OBJC_ARC = YES;
				CLANG_ENABLE_OBJC_WEAK = YES;
				CLANG_WARN_BLOCK_CAPTURE_AUTORELEASING = YES;
				CLANG_WARN_BOOL_CONVERSION = YES;
				CLANG_WARN_COMMA = YES;
				CLANG_WARN_CONSTANT_CONVERSION = YES;
				CLANG_WARN_DEPRECATED_OBJC_IMPLEMENTATIONS = YES;
				CLANG_WARN_DIRECT_OBJC_ISA_USAGE = YES_ERROR;
				CLANG_WARN_DOCUMENTATION_COMMENTS = YES;
				CLANG_WARN_EMPTY_BODY = YES;
				CLANG_WARN_ENUM_CONVERSION = YES;
				CLANG_WARN_INFINITE_RECURSION = YES;
				CLANG_WARN_INT_CONVERSION = YES;
				CLANG_WARN_NON_LITERAL_NULL_CONVERSION = YES;
				CLANG_WARN_OBJC_IMPLICIT_RETAIN_SELF = YES;
				CLANG_WARN_OBJC_LITERAL_CONVERSION = YES;
				CLANG_WARN_OBJC_ROOT_CLASS = YES_ERROR;
				CLANG_WARN_QUOTED_INCLUDE_IN_FRAMEWORK_HEADER = YES;
				CLANG_WARN_RANGE_LOOP_ANALYSIS = YES;
				CLANG_WARN_STRICT_PROTOTYPES = YES;
				CLANG_WARN_SUSPICIOUS_MOVE = YES;
				CLANG_WARN_UNGUARDED_AVAILABILITY = YES_AGGRESSIVE;
				CLANG_WARN_UNREACHABLE_CODE = YES;
				CLANG_WARN__DUPLICATE_METHOD_MATCH = YES;
				COPY_PHASE_STRIP = NO;
				DEBUG_INFORMATION_FORMAT = dwarf;
				ENABLE_STRICT_OBJC_MSGSEND = YES;
				ENABLE_TESTABILITY = YES;
				GCC_C_LANGUAGE_STANDARD = gnu11;
				GCC_DYNAMIC_NO_PIC = NO;
				GCC_NO_COMMON_BLOCKS = YES;
				GCC_OPTIMIZATION_LEVEL = 0;
				GCC_PREPROCESSOR_DEFINITIONS = (
					"DEBUG=1",
					"$(inherited)",
				);
				GCC_WARN_64_TO_32_BIT_CONVERSION = YES;
				GCC_WARN_ABOUT_RETURN_TYPE = YES_ERROR;
				GCC_WARN_UNDECLARED_SELECTOR = YES;
				GCC_WARN_UNINITIALIZED_AUTOS = YES_AGGRESSIVE;
				GCC_WARN_UNUSED_FUNCTION = YES;
				GCC_WARN_UNUSED_VARIABLE = YES;
				IPHONEOS_DEPLOYMENT_TARGET = 16.2;
				MTL_ENABLE_DEBUG_INFO = INCLUDE_SOURCE;
				MTL_FAST_MATH = YES;
				ONLY_ACTIVE_ARCH = YES;
				SDKROOT = iphoneos;
				SWIFT_ACTIVE_COMPILATION_CONDITIONS = DEBUG;
				SWIFT_OPTIMIZATION_LEVEL = "-Onone";
			};
			name = Debug;
		};
		8A023DFC2B7182820018F67D /* Release */ = {
			isa = XCBuildConfiguration;
			buildSettings = {
				ALWAYS_SEARCH_USER_PATHS = NO;
				CLANG_ANALYZER_NONNULL = YES;
				CLANG_ANALYZER_NUMBER_OBJECT_CONVERSION = YES_AGGRESSIVE;
				CLANG_CXX_LANGUAGE_STANDARD = "gnu++20";
				CLANG_ENABLE_MODULES = YES;
				CLANG_ENABLE_OBJC_ARC = YES;
				CLANG_ENABLE_OBJC_WEAK = YES;
				CLANG_WARN_BLOCK_CAPTURE_AUTORELEASING = YES;
				CLANG_WARN_BOOL_CONVERSION = YES;
				CLANG_WARN_COMMA = YES;
				CLANG_WARN_CONSTANT_CONVERSION = YES;
				CLANG_WARN_DEPRECATED_OBJC_IMPLEMENTATIONS = YES;
				CLANG_WARN_DIRECT_OBJC_ISA_USAGE = YES_ERROR;
				CLANG_WARN_DOCUMENTATION_COMMENTS = YES;
				CLANG_WARN_EMPTY_BODY = YES;
				CLANG_WARN_ENUM_CONVERSION = YES;
				CLANG_WARN_INFINITE_RECURSION = YES;
				CLANG_WARN_INT_CONVERSION = YES;
				CLANG_WARN_NON_LITERAL_NULL_CONVERSION = YES;
				CLANG_WARN_OBJC_IMPLICIT_RETAIN_SELF = YES;
				CLANG_WARN_OBJC_LITERAL_CONVERSION = YES;
				CLANG_WARN_OBJC_ROOT_CLASS = YES_ERROR;
				CLANG_WARN_QUOTED_INCLUDE_IN_FRAMEWORK_HEADER = YES;
				CLANG_WARN_RANGE_LOOP_ANALYSIS = YES;
				CLANG_WARN_STRICT_PROTOTYPES = YES;
				CLANG_WARN_SUSPICIOUS_MOVE = YES;
				CLANG_WARN_UNGUARDED_AVAILABILITY = YES_AGGRESSIVE;
				CLANG_WARN_UNREACHABLE_CODE = YES;
				CLANG_WARN__DUPLICATE_METHOD_MATCH = YES;
				COPY_PHASE_STRIP = NO;
				DEBUG_INFORMATION_FORMAT = "dwarf-with-dsym";
				ENABLE_NS_ASSERTIONS = NO;
				ENABLE_STRICT_OBJC_MSGSEND = YES;
				GCC_C_LANGUAGE_STANDARD = gnu11;
				GCC_NO_COMMON_BLOCKS = YES;
				GCC_WARN_64_TO_32_BIT_CONVERSION = YES;
				GCC_WARN_ABOUT_RETURN_TYPE = YES_ERROR;
				GCC_WARN_UNDECLARED_SELECTOR = YES;
				GCC_WARN_UNINITIALIZED_AUTOS = YES_AGGRESSIVE;
				GCC_WARN_UNUSED_FUNCTION = YES;
				GCC_WARN_UNUSED_VARIABLE = YES;
				IPHONEOS_DEPLOYMENT_TARGET = 16.2;
				MTL_ENABLE_DEBUG_INFO = NO;
				MTL_FAST_MATH = YES;
				SDKROOT = iphoneos;
				SWIFT_COMPILATION_MODE = wholemodule;
				SWIFT_OPTIMIZATION_LEVEL = "-O";
				VALIDATE_PRODUCT = YES;
			};
			name = Release;
		};
		8A023DFE2B7182820018F67D /* Debug */ = {
			isa = XCBuildConfiguration;
			buildSettings = {
				ASSETCATALOG_COMPILER_APPICON_NAME = AppIcon;
				ASSETCATALOG_COMPILER_GLOBAL_ACCENT_COLOR_NAME = AccentColor;
				CODE_SIGN_STYLE = Automatic;
				CURRENT_PROJECT_VERSION = 1;
				DEVELOPMENT_TEAM = N554T2QHWZ;
				GENERATE_INFOPLIST_FILE = YES;
				INFOPLIST_FILE = ImageFeed/Info.plist;
				INFOPLIST_KEY_CFBundleDisplayName = imageFeed;
				INFOPLIST_KEY_UIApplicationSupportsIndirectInputEvents = YES;
				INFOPLIST_KEY_UILaunchStoryboardName = LaunchScreen;
				INFOPLIST_KEY_UIMainStoryboardFile = Main;
				INFOPLIST_KEY_UISupportedInterfaceOrientations = UIInterfaceOrientationPortrait;
				IPHONEOS_DEPLOYMENT_TARGET = 13.0;
				LD_RUNPATH_SEARCH_PATHS = (
					"$(inherited)",
					"@executable_path/Frameworks",
				);
				MARKETING_VERSION = 1.0;
				PRODUCT_BUNDLE_IDENTIFIER = com.bakytushka.ImageFeed;
				PRODUCT_NAME = "$(TARGET_NAME)";
				SUPPORTED_PLATFORMS = "iphoneos iphonesimulator";
				SUPPORTS_MACCATALYST = NO;
				SUPPORTS_MAC_DESIGNED_FOR_IPHONE_IPAD = NO;
				SWIFT_EMIT_LOC_STRINGS = YES;
				SWIFT_VERSION = 5.0;
				TARGETED_DEVICE_FAMILY = 1;
			};
			name = Debug;
		};
		8A023DFF2B7182820018F67D /* Release */ = {
			isa = XCBuildConfiguration;
			buildSettings = {
				ASSETCATALOG_COMPILER_APPICON_NAME = AppIcon;
				ASSETCATALOG_COMPILER_GLOBAL_ACCENT_COLOR_NAME = AccentColor;
				CODE_SIGN_STYLE = Automatic;
				CURRENT_PROJECT_VERSION = 1;
				DEVELOPMENT_TEAM = N554T2QHWZ;
				GENERATE_INFOPLIST_FILE = YES;
				INFOPLIST_FILE = ImageFeed/Info.plist;
				INFOPLIST_KEY_CFBundleDisplayName = imageFeed;
				INFOPLIST_KEY_UIApplicationSupportsIndirectInputEvents = YES;
				INFOPLIST_KEY_UILaunchStoryboardName = LaunchScreen;
				INFOPLIST_KEY_UIMainStoryboardFile = Main;
				INFOPLIST_KEY_UISupportedInterfaceOrientations = UIInterfaceOrientationPortrait;
				IPHONEOS_DEPLOYMENT_TARGET = 13.0;
				LD_RUNPATH_SEARCH_PATHS = (
					"$(inherited)",
					"@executable_path/Frameworks",
				);
				MARKETING_VERSION = 1.0;
				PRODUCT_BUNDLE_IDENTIFIER = com.bakytushka.ImageFeed;
				PRODUCT_NAME = "$(TARGET_NAME)";
				SUPPORTED_PLATFORMS = "iphoneos iphonesimulator";
				SUPPORTS_MACCATALYST = NO;
				SUPPORTS_MAC_DESIGNED_FOR_IPHONE_IPAD = NO;
				SWIFT_EMIT_LOC_STRINGS = YES;
				SWIFT_VERSION = 5.0;
				TARGETED_DEVICE_FAMILY = 1;
			};
			name = Release;
		};
/* End XCBuildConfiguration section */

/* Begin XCConfigurationList section */
		8A023DE42B71827E0018F67D /* Build configuration list for PBXProject "ImageFeed" */ = {
			isa = XCConfigurationList;
			buildConfigurations = (
				8A023DFB2B7182820018F67D /* Debug */,
				8A023DFC2B7182820018F67D /* Release */,
			);
			defaultConfigurationIsVisible = 0;
			defaultConfigurationName = Release;
		};
		8A023DFD2B7182820018F67D /* Build configuration list for PBXNativeTarget "ImageFeed" */ = {
			isa = XCConfigurationList;
			buildConfigurations = (
				8A023DFE2B7182820018F67D /* Debug */,
				8A023DFF2B7182820018F67D /* Release */,
			);
			defaultConfigurationIsVisible = 0;
			defaultConfigurationName = Release;
		};
/* End XCConfigurationList section */

/* Begin XCRemoteSwiftPackageReference section */
		8ACD468A2BC4421C0064557B /* XCRemoteSwiftPackageReference "ProgressHUD" */ = {
			isa = XCRemoteSwiftPackageReference;
			repositoryURL = "https://github.com/relatedcode/ProgressHUD";
			requirement = {
				kind = upToNextMajorVersion;
				minimumVersion = 13.8.6;
			};
		};
/* End XCRemoteSwiftPackageReference section */

/* Begin XCSwiftPackageProductDependency section */
		8ACD468B2BC4421C0064557B /* ProgressHUD */ = {
			isa = XCSwiftPackageProductDependency;
			package = 8ACD468A2BC4421C0064557B /* XCRemoteSwiftPackageReference "ProgressHUD" */;
			productName = ProgressHUD;
		};
/* End XCSwiftPackageProductDependency section */
	};
	rootObject = 8A023DE12B71827E0018F67D /* Project object */;
}
